
Microsoft Visual Studio Solution File, Format Version 12.00
# Visual Studio Version 16
VisualStudioVersion = 16.0.29613.14
MinimumVisualStudioVersion = 10.0.40219.1
Project("{FAE04EC0-301F-11D3-BF4B-00C04F79EFBC}") = "AngularJS", "AngularJS.csproj", "{2A31D3A9-8DA4-401A-980B-551CA8E747FF}"
EndProject
Global
	GlobalSection(SolutionConfigurationPlatforms) = preSolution
		Debug|Any CPU = Debug|Any CPU
		Release|Any CPU = Release|Any CPU
	EndGlobalSection
	GlobalSection(ProjectConfigurationPlatforms) = postSolution
		{2A31D3A9-8DA4-401A-980B-551CA8E747FF}.Debug|Any CPU.ActiveCfg = Debug|Any CPU
		{2A31D3A9-8DA4-401A-980B-551CA8E747FF}.Debug|Any CPU.Build.0 = Debug|Any CPU
		{2A31D3A9-8DA4-401A-980B-551CA8E747FF}.Release|Any CPU.ActiveCfg = Release|Any CPU
		{2A31D3A9-8DA4-401A-980B-551CA8E747FF}.Release|Any CPU.Build.0 = Release|Any CPU
	EndGlobalSection
	GlobalSection(SolutionProperties) = preSolution
		HideSolutionNode = FALSE
	EndGlobalSection
	GlobalSection(ExtensibilityGlobals) = postSolution
		SolutionGuid = {004EC56A-3D1C-4585-A89A-C840B64989EC}
	EndGlobalSection
EndGlobal
